
Microsoft Visual Studio Solution File, Format Version 12.00
# Visual Studio Version 16
VisualStudioVersion = 16.0.29102.190
MinimumVisualStudioVersion = 10.0.40219.1
Project("{9A19103F-16F7-4668-BE54-9A1E7A4F7556}") = "WebApp", "WebApp\WebApp.csproj", "{4280AFE0-A48A-4733-A8D6-0C38B7397B90}"
EndProject
Project("{FAE04EC0-301F-11D3-BF4B-00C04F79EFBC}") = "ConsoleApp", "ConsoleApp\ConsoleApp.csproj", "{AEB72D83-60B7-4185-B4A2-EBFC77B068D3}"
EndProject
Project("{FAE04EC0-301F-11D3-BF4B-00C04F79EFBC}") = "WindowsService", "WindowsService\WindowsService.csproj", "{CBDFA6EC-C03F-4F4D-B584-71FF9EEEDA64}"
EndProject
Project("{FAE04EC0-301F-11D3-BF4B-00C04F79EFBC}") = "Abstracts", "Abstracts\Abstracts.csproj", "{CA365004-A71C-4CD6-B764-B03E7CC4984E}"
EndProject
Project("{FAE04EC0-301F-11D3-BF4B-00C04F79EFBC}") = "CommonServices", "CommonServices\CommonServices.csproj", "{A2D93AC4-DACB-42BF-AE43-B50909E98A4D}"
EndProject
Project("{2150E333-8FDC-42A3-9474-1A3956D46DE8}") = "Solution Items", "Solution Items", "{58ECA41F-D8B5-4703-999F-03C40E4231C7}"
	ProjectSection(SolutionItems) = preProject
		README.md = README.md
	EndProjectSection
EndProject
Global
	GlobalSection(SolutionConfigurationPlatforms) = preSolution
		Debug|Any CPU = Debug|Any CPU
		Release|Any CPU = Release|Any CPU
	EndGlobalSection
	GlobalSection(ProjectConfigurationPlatforms) = postSolution
		{4280AFE0-A48A-4733-A8D6-0C38B7397B90}.Debug|Any CPU.ActiveCfg = Debug|Any CPU
		{4280AFE0-A48A-4733-A8D6-0C38B7397B90}.Debug|Any CPU.Build.0 = Debug|Any CPU
		{4280AFE0-A48A-4733-A8D6-0C38B7397B90}.Release|Any CPU.ActiveCfg = Release|Any CPU
		{4280AFE0-A48A-4733-A8D6-0C38B7397B90}.Release|Any CPU.Build.0 = Release|Any CPU
		{AEB72D83-60B7-4185-B4A2-EBFC77B068D3}.Debug|Any CPU.ActiveCfg = Debug|Any CPU
		{AEB72D83-60B7-4185-B4A2-EBFC77B068D3}.Debug|Any CPU.Build.0 = Debug|Any CPU
		{AEB72D83-60B7-4185-B4A2-EBFC77B068D3}.Release|Any CPU.ActiveCfg = Release|Any CPU
		{AEB72D83-60B7-4185-B4A2-EBFC77B068D3}.Release|Any CPU.Build.0 = Release|Any CPU
		{CBDFA6EC-C03F-4F4D-B584-71FF9EEEDA64}.Debug|Any CPU.ActiveCfg = Debug|Any CPU
		{CBDFA6EC-C03F-4F4D-B584-71FF9EEEDA64}.Debug|Any CPU.Build.0 = Debug|Any CPU
		{CBDFA6EC-C03F-4F4D-B584-71FF9EEEDA64}.Release|Any CPU.ActiveCfg = Release|Any CPU
		{CBDFA6EC-C03F-4F4D-B584-71FF9EEEDA64}.Release|Any CPU.Build.0 = Release|Any CPU
		{CA365004-A71C-4CD6-B764-B03E7CC4984E}.Debug|Any CPU.ActiveCfg = Debug|Any CPU
		{CA365004-A71C-4CD6-B764-B03E7CC4984E}.Debug|Any CPU.Build.0 = Debug|Any CPU
		{CA365004-A71C-4CD6-B764-B03E7CC4984E}.Release|Any CPU.ActiveCfg = Release|Any CPU
		{CA365004-A71C-4CD6-B764-B03E7CC4984E}.Release|Any CPU.Build.0 = Release|Any CPU
		{A2D93AC4-DACB-42BF-AE43-B50909E98A4D}.Debug|Any CPU.ActiveCfg = Debug|Any CPU
		{A2D93AC4-DACB-42BF-AE43-B50909E98A4D}.Debug|Any CPU.Build.0 = Debug|Any CPU
		{A2D93AC4-DACB-42BF-AE43-B50909E98A4D}.Release|Any CPU.ActiveCfg = Release|Any CPU
		{A2D93AC4-DACB-42BF-AE43-B50909E98A4D}.Release|Any CPU.Build.0 = Release|Any CPU
	EndGlobalSection
	GlobalSection(SolutionProperties) = preSolution
		HideSolutionNode = FALSE
	EndGlobalSection
	GlobalSection(ExtensibilityGlobals) = postSolution
		SolutionGuid = {CE2EB1AE-7CEB-4BC8-8AA1-A8CDBC852436}
	EndGlobalSection
EndGlobal
